
Microsoft Visual Studio Solution File, Format Version 12.00
# Visual Studio Express 2013 for Windows Desktop
VisualStudioVersion = 12.0.21005.1
MinimumVisualStudioVersion = 10.0.40219.1
Project("{FAE04EC0-301F-11D3-BF4B-00C04F79EFBC}") = "PokemonAutoText", "PokemonAutoText\PokemonAutoText.csproj", "{25D11CE3-2EA1-4F86-A4F1-043FCFAEB2B4}"
EndProject
Project("{FAE04EC0-301F-11D3-BF4B-00C04F79EFBC}") = "Pipeline", "Pipeline\Pipeline\Pipeline.csproj", "{241628F2-E5E5-4A2B-AA47-0F7AC6A822E1}"
EndProject
Project("{96E2B04D-8817-42C6-938A-82C39BA4D311}") = "PipelineContent", "Pipeline\PipelineContent\PipelineContent.contentproj", "{B01A87C3-4105-4A91-9E60-3505C25148F0}"
EndProject
Global
	GlobalSection(SolutionConfigurationPlatforms) = preSolution
		Android|Any CPU = Android|Any CPU
		Android|Mixed Platforms = Android|Mixed Platforms
		Android|x86 = Android|x86
		Debug|Any CPU = Debug|Any CPU
		Debug|Mixed Platforms = Debug|Mixed Platforms
		Debug|x86 = Debug|x86
		iOS|Any CPU = iOS|Any CPU
		iOS|Mixed Platforms = iOS|Mixed Platforms
		iOS|x86 = iOS|x86
		Linux|Any CPU = Linux|Any CPU
		Linux|Mixed Platforms = Linux|Mixed Platforms
		Linux|x86 = Linux|x86
		OSX|Any CPU = OSX|Any CPU
		OSX|Mixed Platforms = OSX|Mixed Platforms
		OSX|x86 = OSX|x86
		PSM|Any CPU = PSM|Any CPU
		PSM|Mixed Platforms = PSM|Mixed Platforms
		PSM|x86 = PSM|x86
		Release|Any CPU = Release|Any CPU
		Release|Mixed Platforms = Release|Mixed Platforms
		Release|x86 = Release|x86
		Windows|Any CPU = Windows|Any CPU
		Windows|Mixed Platforms = Windows|Mixed Platforms
		Windows|x86 = Windows|x86
		Windows8|Any CPU = Windows8|Any CPU
		Windows8|Mixed Platforms = Windows8|Mixed Platforms
		Windows8|x86 = Windows8|x86
	EndGlobalSection
	GlobalSection(ProjectConfigurationPlatforms) = postSolution
		{25D11CE3-2EA1-4F86-A4F1-043FCFAEB2B4}.Android|Any CPU.ActiveCfg = Release|x86
		{25D11CE3-2EA1-4F86-A4F1-043FCFAEB2B4}.Android|Mixed Platforms.ActiveCfg = Release|x86
		{25D11CE3-2EA1-4F86-A4F1-043FCFAEB2B4}.Android|Mixed Platforms.Build.0 = Release|x86
		{25D11CE3-2EA1-4F86-A4F1-043FCFAEB2B4}.Android|x86.ActiveCfg = Release|x86
		{25D11CE3-2EA1-4F86-A4F1-043FCFAEB2B4}.Android|x86.Build.0 = Release|x86
		{25D11CE3-2EA1-4F86-A4F1-043FCFAEB2B4}.Debug|Any CPU.ActiveCfg = Debug|x86
		{25D11CE3-2EA1-4F86-A4F1-043FCFAEB2B4}.Debug|Mixed Platforms.ActiveCfg = Debug|x86
		{25D11CE3-2EA1-4F86-A4F1-043FCFAEB2B4}.Debug|Mixed Platforms.Build.0 = Debug|x86
		{25D11CE3-2EA1-4F86-A4F1-043FCFAEB2B4}.Debug|x86.ActiveCfg = Debug|x86
		{25D11CE3-2EA1-4F86-A4F1-043FCFAEB2B4}.Debug|x86.Build.0 = Debug|x86
		{25D11CE3-2EA1-4F86-A4F1-043FCFAEB2B4}.iOS|Any CPU.ActiveCfg = Release|x86
		{25D11CE3-2EA1-4F86-A4F1-043FCFAEB2B4}.iOS|Mixed Platforms.ActiveCfg = Release|x86
		{25D11CE3-2EA1-4F86-A4F1-043FCFAEB2B4}.iOS|Mixed Platforms.Build.0 = Release|x86
		{25D11CE3-2EA1-4F86-A4F1-043FCFAEB2B4}.iOS|x86.ActiveCfg = Release|x86
		{25D11CE3-2EA1-4F86-A4F1-043FCFAEB2B4}.iOS|x86.Build.0 = Release|x86
		{25D11CE3-2EA1-4F86-A4F1-043FCFAEB2B4}.Linux|Any CPU.ActiveCfg = Release|x86
		{25D11CE3-2EA1-4F86-A4F1-043FCFAEB2B4}.Linux|Mixed Platforms.ActiveCfg = Release|x86
		{25D11CE3-2EA1-4F86-A4F1-043FCFAEB2B4}.Linux|Mixed Platforms.Build.0 = Release|x86
		{25D11CE3-2EA1-4F86-A4F1-043FCFAEB2B4}.Linux|x86.ActiveCfg = Release|x86
		{25D11CE3-2EA1-4F86-A4F1-043FCFAEB2B4}.Linux|x86.Build.0 = Release|x86
		{25D11CE3-2EA1-4F86-A4F1-043FCFAEB2B4}.OSX|Any CPU.ActiveCfg = Release|x86
		{25D11CE3-2EA1-4F86-A4F1-043FCFAEB2B4}.OSX|Mixed Platforms.ActiveCfg = Release|x86
		{25D11CE3-2EA1-4F86-A4F1-043FCFAEB2B4}.OSX|Mixed Platforms.Build.0 = Release|x86
		{25D11CE3-2EA1-4F86-A4F1-043FCFAEB2B4}.OSX|x86.ActiveCfg = Release|x86
		{25D11CE3-2EA1-4F86-A4F1-043FCFAEB2B4}.OSX|x86.Build.0 = Release|x86
		{25D11CE3-2EA1-4F86-A4F1-043FCFAEB2B4}.PSM|Any CPU.ActiveCfg = Release|x86
		{25D11CE3-2EA1-4F86-A4F1-043FCFAEB2B4}.PSM|Mixed Platforms.ActiveCfg = Release|x86
		{25D11CE3-2EA1-4F86-A4F1-043FCFAEB2B4}.PSM|Mixed Platforms.Build.0 = Release|x86
		{25D11CE3-2EA1-4F86-A4F1-043FCFAEB2B4}.PSM|x86.ActiveCfg = Release|x86
		{25D11CE3-2EA1-4F86-A4F1-043FCFAEB2B4}.PSM|x86.Build.0 = Release|x86
		{25D11CE3-2EA1-4F86-A4F1-043FCFAEB2B4}.Release|Any CPU.ActiveCfg = Release|x86
		{25D11CE3-2EA1-4F86-A4F1-043FCFAEB2B4}.Release|Mixed Platforms.ActiveCfg = Release|x86
		{25D11CE3-2EA1-4F86-A4F1-043FCFAEB2B4}.Release|Mixed Platforms.Build.0 = Release|x86
		{25D11CE3-2EA1-4F86-A4F1-043FCFAEB2B4}.Release|x86.ActiveCfg = Release|x86
		{25D11CE3-2EA1-4F86-A4F1-043FCFAEB2B4}.Release|x86.Build.0 = Release|x86
		{25D11CE3-2EA1-4F86-A4F1-043FCFAEB2B4}.Windows|Any CPU.ActiveCfg = Release|x86
		{25D11CE3-2EA1-4F86-A4F1-043FCFAEB2B4}.Windows|Mixed Platforms.ActiveCfg = Release|x86
		{25D11CE3-2EA1-4F86-A4F1-043FCFAEB2B4}.Windows|Mixed Platforms.Build.0 = Release|x86
		{25D11CE3-2EA1-4F86-A4F1-043FCFAEB2B4}.Windows|x86.ActiveCfg = Release|x86
		{25D11CE3-2EA1-4F86-A4F1-043FCFAEB2B4}.Windows|x86.Build.0 = Release|x86
		{25D11CE3-2EA1-4F86-A4F1-043FCFAEB2B4}.Windows8|Any CPU.ActiveCfg = Release|x86
		{25D11CE3-2EA1-4F86-A4F1-043FCFAEB2B4}.Windows8|Mixed Platforms.ActiveCfg = Release|x86
		{25D11CE3-2EA1-4F86-A4F1-043FCFAEB2B4}.Windows8|Mixed Platforms.Build.0 = Release|x86
		{25D11CE3-2EA1-4F86-A4F1-043FCFAEB2B4}.Windows8|x86.ActiveCfg = Release|x86
		{25D11CE3-2EA1-4F86-A4F1-043FCFAEB2B4}.Windows8|x86.Build.0 = Release|x86
		{241628F2-E5E5-4A2B-AA47-0F7AC6A822E1}.Android|Any CPU.ActiveCfg = Android|Any CPU
		{241628F2-E5E5-4A2B-AA47-0F7AC6A822E1}.Android|Any CPU.Build.0 = Android|Any CPU
		{241628F2-E5E5-4A2B-AA47-0F7AC6A822E1}.Android|Mixed Platforms.ActiveCfg = Android|Any CPU
		{241628F2-E5E5-4A2B-AA47-0F7AC6A822E1}.Android|Mixed Platforms.Build.0 = Android|Any CPU
		{241628F2-E5E5-4A2B-AA47-0F7AC6A822E1}.Android|x86.ActiveCfg = Android|Any CPU
		{241628F2-E5E5-4A2B-AA47-0F7AC6A822E1}.Debug|Any CPU.ActiveCfg = PSM|Any CPU
		{241628F2-E5E5-4A2B-AA47-0F7AC6A822E1}.Debug|Any CPU.Build.0 = PSM|Any CPU
		{241628F2-E5E5-4A2B-AA47-0F7AC6A822E1}.Debug|Mixed Platforms.ActiveCfg = PSM|Any CPU
		{241628F2-E5E5-4A2B-AA47-0F7AC6A822E1}.Debug|Mixed Platforms.Build.0 = PSM|Any CPU
		{241628F2-E5E5-4A2B-AA47-0F7AC6A822E1}.Debug|x86.ActiveCfg = PSM|Any CPU
		{241628F2-E5E5-4A2B-AA47-0F7AC6A822E1}.iOS|Any CPU.ActiveCfg = iOS|Any CPU
		{241628F2-E5E5-4A2B-AA47-0F7AC6A822E1}.iOS|Any CPU.Build.0 = iOS|Any CPU
		{241628F2-E5E5-4A2B-AA47-0F7AC6A822E1}.iOS|Mixed Platforms.ActiveCfg = iOS|Any CPU
		{241628F2-E5E5-4A2B-AA47-0F7AC6A822E1}.iOS|Mixed Platforms.Build.0 = iOS|Any CPU
		{241628F2-E5E5-4A2B-AA47-0F7AC6A822E1}.iOS|x86.ActiveCfg = iOS|Any CPU
		{241628F2-E5E5-4A2B-AA47-0F7AC6A822E1}.Linux|Any CPU.ActiveCfg = Linux|Any CPU
		{241628F2-E5E5-4A2B-AA47-0F7AC6A822E1}.Linux|Any CPU.Build.0 = Linux|Any CPU
		{241628F2-E5E5-4A2B-AA47-0F7AC6A822E1}.Linux|Mixed Platforms.ActiveCfg = Linux|Any CPU
		{241628F2-E5E5-4A2B-AA47-0F7AC6A822E1}.Linux|Mixed Platforms.Build.0 = Linux|Any CPU
		{241628F2-E5E5-4A2B-AA47-0F7AC6A822E1}.Linux|x86.ActiveCfg = Linux|Any CPU
		{241628F2-E5E5-4A2B-AA47-0F7AC6A822E1}.OSX|Any CPU.ActiveCfg = OSX|Any CPU
		{241628F2-E5E5-4A2B-AA47-0F7AC6A822E1}.OSX|Any CPU.Build.0 = OSX|Any CPU
		{241628F2-E5E5-4A2B-AA47-0F7AC6A822E1}.OSX|Mixed Platforms.ActiveCfg = OSX|Any CPU
		{241628F2-E5E5-4A2B-AA47-0F7AC6A822E1}.OSX|Mixed Platforms.Build.0 = OSX|Any CPU
		{241628F2-E5E5-4A2B-AA47-0F7AC6A822E1}.OSX|x86.ActiveCfg = OSX|Any CPU
		{241628F2-E5E5-4A2B-AA47-0F7AC6A822E1}.PSM|Any CPU.ActiveCfg = PSM|Any CPU
		{241628F2-E5E5-4A2B-AA47-0F7AC6A822E1}.PSM|Any CPU.Build.0 = PSM|Any CPU
		{241628F2-E5E5-4A2B-AA47-0F7AC6A822E1}.PSM|Mixed Platforms.ActiveCfg = PSM|Any CPU
		{241628F2-E5E5-4A2B-AA47-0F7AC6A822E1}.PSM|Mixed Platforms.Build.0 = PSM|Any CPU
		{241628F2-E5E5-4A2B-AA47-0F7AC6A822E1}.PSM|x86.ActiveCfg = PSM|Any CPU
		{241628F2-E5E5-4A2B-AA47-0F7AC6A822E1}.Release|Any CPU.ActiveCfg = PSM|Any CPU
		{241628F2-E5E5-4A2B-AA47-0F7AC6A822E1}.Release|Any CPU.Build.0 = PSM|Any CPU
		{241628F2-E5E5-4A2B-AA47-0F7AC6A822E1}.Release|Mixed Platforms.ActiveCfg = PSM|Any CPU
		{241628F2-E5E5-4A2B-AA47-0F7AC6A822E1}.Release|Mixed Platforms.Build.0 = PSM|Any CPU
		{241628F2-E5E5-4A2B-AA47-0F7AC6A822E1}.Release|x86.ActiveCfg = PSM|Any CPU
		{241628F2-E5E5-4A2B-AA47-0F7AC6A822E1}.Windows|Any CPU.ActiveCfg = Windows|Any CPU
		{241628F2-E5E5-4A2B-AA47-0F7AC6A822E1}.Windows|Any CPU.Build.0 = Windows|Any CPU
		{241628F2-E5E5-4A2B-AA47-0F7AC6A822E1}.Windows|Mixed Platforms.ActiveCfg = Windows|Any CPU
		{241628F2-E5E5-4A2B-AA47-0F7AC6A822E1}.Windows|Mixed Platforms.Build.0 = Windows|Any CPU
		{241628F2-E5E5-4A2B-AA47-0F7AC6A822E1}.Windows|x86.ActiveCfg = Windows|Any CPU
		{241628F2-E5E5-4A2B-AA47-0F7AC6A822E1}.Windows8|Any CPU.ActiveCfg = Windows8|Any CPU
		{241628F2-E5E5-4A2B-AA47-0F7AC6A822E1}.Windows8|Any CPU.Build.0 = Windows8|Any CPU
		{241628F2-E5E5-4A2B-AA47-0F7AC6A822E1}.Windows8|Mixed Platforms.ActiveCfg = Windows8|Any CPU
		{241628F2-E5E5-4A2B-AA47-0F7AC6A822E1}.Windows8|Mixed Platforms.Build.0 = Windows8|Any CPU
		{241628F2-E5E5-4A2B-AA47-0F7AC6A822E1}.Windows8|x86.ActiveCfg = Windows8|Any CPU
		{B01A87C3-4105-4A91-9E60-3505C25148F0}.Android|Any CPU.ActiveCfg = Android|Any CPU
		{B01A87C3-4105-4A91-9E60-3505C25148F0}.Android|Mixed Platforms.ActiveCfg = Android|Any CPU
		{B01A87C3-4105-4A91-9E60-3505C25148F0}.Android|x86.ActiveCfg = Android|Any CPU
		{B01A87C3-4105-4A91-9E60-3505C25148F0}.Debug|Any CPU.ActiveCfg = PSM|Any CPU
		{B01A87C3-4105-4A91-9E60-3505C25148F0}.Debug|Mixed Platforms.ActiveCfg = PSM|Any CPU
		{B01A87C3-4105-4A91-9E60-3505C25148F0}.Debug|x86.ActiveCfg = PSM|Any CPU
		{B01A87C3-4105-4A91-9E60-3505C25148F0}.iOS|Any CPU.ActiveCfg = iOS|Any CPU
		{B01A87C3-4105-4A91-9E60-3505C25148F0}.iOS|Mixed Platforms.ActiveCfg = iOS|Any CPU
		{B01A87C3-4105-4A91-9E60-3505C25148F0}.iOS|x86.ActiveCfg = iOS|Any CPU
		{B01A87C3-4105-4A91-9E60-3505C25148F0}.Linux|Any CPU.ActiveCfg = Linux|Any CPU
		{B01A87C3-4105-4A91-9E60-3505C25148F0}.Linux|Mixed Platforms.ActiveCfg = Linux|Any CPU
		{B01A87C3-4105-4A91-9E60-3505C25148F0}.Linux|x86.ActiveCfg = Linux|Any CPU
		{B01A87C3-4105-4A91-9E60-3505C25148F0}.OSX|Any CPU.ActiveCfg = OSX|Any CPU
		{B01A87C3-4105-4A91-9E60-3505C25148F0}.OSX|Mixed Platforms.ActiveCfg = OSX|Any CPU
		{B01A87C3-4105-4A91-9E60-3505C25148F0}.OSX|x86.ActiveCfg = OSX|Any CPU
		{B01A87C3-4105-4A91-9E60-3505C25148F0}.PSM|Any CPU.ActiveCfg = PSM|Any CPU
		{B01A87C3-4105-4A91-9E60-3505C25148F0}.PSM|Mixed Platforms.ActiveCfg = PSM|Any CPU
		{B01A87C3-4105-4A91-9E60-3505C25148F0}.PSM|x86.ActiveCfg = PSM|Any CPU
		{B01A87C3-4105-4A91-9E60-3505C25148F0}.Release|Any CPU.ActiveCfg = PSM|Any CPU
		{B01A87C3-4105-4A91-9E60-3505C25148F0}.Release|Mixed Platforms.ActiveCfg = PSM|Any CPU
		{B01A87C3-4105-4A91-9E60-3505C25148F0}.Release|x86.ActiveCfg = PSM|Any CPU
		{B01A87C3-4105-4A91-9E60-3505C25148F0}.Windows|Any CPU.ActiveCfg = Windows|Any CPU
		{B01A87C3-4105-4A91-9E60-3505C25148F0}.Windows|Mixed Platforms.ActiveCfg = Windows|Any CPU
		{B01A87C3-4105-4A91-9E60-3505C25148F0}.Windows|x86.ActiveCfg = Windows|Any CPU
		{B01A87C3-4105-4A91-9E60-3505C25148F0}.Windows8|Any CPU.ActiveCfg = Windows8|Any CPU
		{B01A87C3-4105-4A91-9E60-3505C25148F0}.Windows8|Mixed Platforms.ActiveCfg = Windows8|Any CPU
		{B01A87C3-4105-4A91-9E60-3505C25148F0}.Windows8|x86.ActiveCfg = Windows8|Any CPU
	EndGlobalSection
	GlobalSection(SolutionProperties) = preSolution
		HideSolutionNode = FALSE
	EndGlobalSection
EndGlobal
